
Microsoft Visual Studio Solution File, Format Version 12.00
# Visual Studio Version 17
VisualStudioVersion = 17.4.33213.308
MinimumVisualStudioVersion = 10.0.40219.1
Project("{FAE04EC0-301F-11D3-BF4B-00C04F79EFBC}") = "SmenaApp", "SmenaApp\SmenaApp.csproj", "{9CE6950E-9714-402E-9B05-0B0854FDF070}"
EndProject
Global
	GlobalSection(SolutionConfigurationPlatforms) = preSolution
		Debug|Any CPU = Debug|Any CPU
		Release|Any CPU = Release|Any CPU
	EndGlobalSection
	GlobalSection(ProjectConfigurationPlatforms) = postSolution
		{9CE6950E-9714-402E-9B05-0B0854FDF070}.Debug|Any CPU.ActiveCfg = Debug|Any CPU
		{9CE6950E-9714-402E-9B05-0B0854FDF070}.Debug|Any CPU.Build.0 = Debug|Any CPU
		{9CE6950E-9714-402E-9B05-0B0854FDF070}.Release|Any CPU.ActiveCfg = Release|Any CPU
		{9CE6950E-9714-402E-9B05-0B0854FDF070}.Release|Any CPU.Build.0 = Release|Any CPU
	EndGlobalSection
	GlobalSection(SolutionProperties) = preSolution
		HideSolutionNode = FALSE
	EndGlobalSection
	GlobalSection(ExtensibilityGlobals) = postSolution
		SolutionGuid = {2E53AD0F-BEC7-4DB4-A081-69D0D44EBB3D}
	EndGlobalSection
EndGlobal
