
Microsoft Visual Studio Solution File, Format Version 12.00
# Visual Studio Version 17
VisualStudioVersion = 17.4.33213.308
MinimumVisualStudioVersion = 10.0.40219.1
Project("{FAE04EC0-301F-11D3-BF4B-00C04F79EFBC}") = "MySelfClass", "MySelfClass\MySelfClass.csproj", "{A91AA3BA-64FF-49F4-A3F9-573BBD73B7B2}"
EndProject
Global
	GlobalSection(SolutionConfigurationPlatforms) = preSolution
		Debug|Any CPU = Debug|Any CPU
		Release|Any CPU = Release|Any CPU
	EndGlobalSection
	GlobalSection(ProjectConfigurationPlatforms) = postSolution
		{A91AA3BA-64FF-49F4-A3F9-573BBD73B7B2}.Debug|Any CPU.ActiveCfg = Debug|Any CPU
		{A91AA3BA-64FF-49F4-A3F9-573BBD73B7B2}.Debug|Any CPU.Build.0 = Debug|Any CPU
		{A91AA3BA-64FF-49F4-A3F9-573BBD73B7B2}.Release|Any CPU.ActiveCfg = Release|Any CPU
		{A91AA3BA-64FF-49F4-A3F9-573BBD73B7B2}.Release|Any CPU.Build.0 = Release|Any CPU
	EndGlobalSection
	GlobalSection(SolutionProperties) = preSolution
		HideSolutionNode = FALSE
	EndGlobalSection
	GlobalSection(ExtensibilityGlobals) = postSolution
		SolutionGuid = {D18F276F-ADD0-4E43-86BD-CA302E81CBBE}
	EndGlobalSection
EndGlobal
